
Microsoft Visual Studio Solution File, Format Version 12.00
# Visual Studio 14
VisualStudioVersion = 14.0.23107.0
MinimumVisualStudioVersion = 10.0.40219.1
Project("{FAE04EC0-301F-11D3-BF4B-00C04F79EFBC}") = "ReactEdgejs", "ReactEdgejs\ReactEdgejs.csproj", "{741648D7-76EE-4BC6-9266-F76F18E63772}"
EndProject
Project("{FAE04EC0-301F-11D3-BF4B-00C04F79EFBC}") = "ReactEdge", "ReactEdge\ReactEdge.csproj", "{F8EFF8A8-B6F5-4D36-B3A1-DBC952CA124E}"
EndProject
Project("{FAE04EC0-301F-11D3-BF4B-00C04F79EFBC}") = "ReactTest", "ReactTest\ReactTest.csproj", "{44DA28CD-9D3A-4E83-B71B-DCDC8D39DBE2}"
EndProject
Project("{2150E333-8FDC-42A3-9474-1A3956D46DE8}") = "Samples", "Samples", "{71EEDD62-4754-4BF7-9D7D-162EEFE9743D}"
EndProject
Project("{FAE04EC0-301F-11D3-BF4B-00C04F79EFBC}") = "Reactedge.Sample.Mvc5", "Reactedge.Sample.Mvc5\Reactedge.Sample.Mvc5.csproj", "{483F454B-55AE-4D61-884F-77203865F4FB}"
EndProject
Global
	GlobalSection(SolutionConfigurationPlatforms) = preSolution
		Debug|Any CPU = Debug|Any CPU
		Release|Any CPU = Release|Any CPU
	EndGlobalSection
	GlobalSection(ProjectConfigurationPlatforms) = postSolution
		{741648D7-76EE-4BC6-9266-F76F18E63772}.Debug|Any CPU.ActiveCfg = Debug|Any CPU
		{741648D7-76EE-4BC6-9266-F76F18E63772}.Debug|Any CPU.Build.0 = Debug|Any CPU
		{741648D7-76EE-4BC6-9266-F76F18E63772}.Release|Any CPU.ActiveCfg = Release|Any CPU
		{741648D7-76EE-4BC6-9266-F76F18E63772}.Release|Any CPU.Build.0 = Release|Any CPU
		{F8EFF8A8-B6F5-4D36-B3A1-DBC952CA124E}.Debug|Any CPU.ActiveCfg = Debug|Any CPU
		{F8EFF8A8-B6F5-4D36-B3A1-DBC952CA124E}.Debug|Any CPU.Build.0 = Debug|Any CPU
		{F8EFF8A8-B6F5-4D36-B3A1-DBC952CA124E}.Release|Any CPU.ActiveCfg = Release|Any CPU
		{F8EFF8A8-B6F5-4D36-B3A1-DBC952CA124E}.Release|Any CPU.Build.0 = Release|Any CPU
		{44DA28CD-9D3A-4E83-B71B-DCDC8D39DBE2}.Debug|Any CPU.ActiveCfg = Debug|Any CPU
		{44DA28CD-9D3A-4E83-B71B-DCDC8D39DBE2}.Debug|Any CPU.Build.0 = Debug|Any CPU
		{44DA28CD-9D3A-4E83-B71B-DCDC8D39DBE2}.Release|Any CPU.ActiveCfg = Release|Any CPU
		{44DA28CD-9D3A-4E83-B71B-DCDC8D39DBE2}.Release|Any CPU.Build.0 = Release|Any CPU
		{483F454B-55AE-4D61-884F-77203865F4FB}.Debug|Any CPU.ActiveCfg = Debug|Any CPU
		{483F454B-55AE-4D61-884F-77203865F4FB}.Debug|Any CPU.Build.0 = Debug|Any CPU
		{483F454B-55AE-4D61-884F-77203865F4FB}.Release|Any CPU.ActiveCfg = Release|Any CPU
		{483F454B-55AE-4D61-884F-77203865F4FB}.Release|Any CPU.Build.0 = Release|Any CPU
	EndGlobalSection
	GlobalSection(SolutionProperties) = preSolution
		HideSolutionNode = FALSE
	EndGlobalSection
	GlobalSection(NestedProjects) = preSolution
		{483F454B-55AE-4D61-884F-77203865F4FB} = {71EEDD62-4754-4BF7-9D7D-162EEFE9743D}
	EndGlobalSection
EndGlobal
